
Microsoft Visual Studio Solution File, Format Version 12.00
# Visual Studio 15
VisualStudioVersion = 15.0.27004.2010
MinimumVisualStudioVersion = 10.0.40219.1
Project("{8BC9CEB8-8B4A-11D0-8D11-00A0C91BC942}") = "Problem06", "Problem06\Problem06.vcxproj", "{91FFF052-A33A-4A68-A0C2-1ACF302604F4}"
EndProject
Global
	GlobalSection(SolutionConfigurationPlatforms) = preSolution
		Debug|x64 = Debug|x64
		Release|x64 = Release|x64
	EndGlobalSection
	GlobalSection(ProjectConfigurationPlatforms) = postSolution
		{91FFF052-A33A-4A68-A0C2-1ACF302604F4}.Debug|x64.ActiveCfg = Debug|x64
		{91FFF052-A33A-4A68-A0C2-1ACF302604F4}.Debug|x64.Build.0 = Debug|x64
		{91FFF052-A33A-4A68-A0C2-1ACF302604F4}.Release|x64.ActiveCfg = Release|x64
		{91FFF052-A33A-4A68-A0C2-1ACF302604F4}.Release|x64.Build.0 = Release|x64
	EndGlobalSection
	GlobalSection(SolutionProperties) = preSolution
		HideSolutionNode = FALSE
	EndGlobalSection
	GlobalSection(ExtensibilityGlobals) = postSolution
		SolutionGuid = {20ED0E5B-5800-406C-91C2-C9968AD5D729}
	EndGlobalSection
EndGlobal
